
Microsoft Visual Studio Solution File, Format Version 12.00
# Visual Studio Version 17
VisualStudioVersion = 17.8.34601.278
MinimumVisualStudioVersion = 10.0.40219.1
Project("{9A19103F-16F7-4668-BE54-9A1E7A4F7556}") = "MyGarage.API", "MyGarage.API\MyGarage.API.csproj", "{50CFD16D-2CF8-492E-874F-2F116F7F376F}"
EndProject
Project("{9A19103F-16F7-4668-BE54-9A1E7A4F7556}") = "MyGarage.Domain", "MyGarage.Domain\MyGarage.Domain.csproj", "{99A46D93-1D34-444F-B13D-0806FE7BFCB8}"
EndProject
Project("{9A19103F-16F7-4668-BE54-9A1E7A4F7556}") = "MyGarage.Application", "MyGarage.Application\MyGarage.Application.csproj", "{FC56685D-E0DE-4C1F-8D30-E3DABD9A7AAE}"
EndProject
Project("{9A19103F-16F7-4668-BE54-9A1E7A4F7556}") = "MyGarage.Infrastructure", "MyGarage.Infrastructure\MyGarage.Infrastructure.csproj", "{77A49334-35DF-4150-A7C7-B2A3E44A3E07}"
EndProject
Global
	GlobalSection(SolutionConfigurationPlatforms) = preSolution
		Debug|Any CPU = Debug|Any CPU
		Release|Any CPU = Release|Any CPU
	EndGlobalSection
	GlobalSection(ProjectConfigurationPlatforms) = postSolution
		{50CFD16D-2CF8-492E-874F-2F116F7F376F}.Debug|Any CPU.ActiveCfg = Debug|Any CPU
		{50CFD16D-2CF8-492E-874F-2F116F7F376F}.Debug|Any CPU.Build.0 = Debug|Any CPU
		{50CFD16D-2CF8-492E-874F-2F116F7F376F}.Release|Any CPU.ActiveCfg = Release|Any CPU
		{50CFD16D-2CF8-492E-874F-2F116F7F376F}.Release|Any CPU.Build.0 = Release|Any CPU
		{99A46D93-1D34-444F-B13D-0806FE7BFCB8}.Debug|Any CPU.ActiveCfg = Debug|Any CPU
		{99A46D93-1D34-444F-B13D-0806FE7BFCB8}.Debug|Any CPU.Build.0 = Debug|Any CPU
		{99A46D93-1D34-444F-B13D-0806FE7BFCB8}.Release|Any CPU.ActiveCfg = Release|Any CPU
		{99A46D93-1D34-444F-B13D-0806FE7BFCB8}.Release|Any CPU.Build.0 = Release|Any CPU
		{FC56685D-E0DE-4C1F-8D30-E3DABD9A7AAE}.Debug|Any CPU.ActiveCfg = Debug|Any CPU
		{FC56685D-E0DE-4C1F-8D30-E3DABD9A7AAE}.Debug|Any CPU.Build.0 = Debug|Any CPU
		{FC56685D-E0DE-4C1F-8D30-E3DABD9A7AAE}.Release|Any CPU.ActiveCfg = Release|Any CPU
		{FC56685D-E0DE-4C1F-8D30-E3DABD9A7AAE}.Release|Any CPU.Build.0 = Release|Any CPU
		{77A49334-35DF-4150-A7C7-B2A3E44A3E07}.Debug|Any CPU.ActiveCfg = Debug|Any CPU
		{77A49334-35DF-4150-A7C7-B2A3E44A3E07}.Debug|Any CPU.Build.0 = Debug|Any CPU
		{77A49334-35DF-4150-A7C7-B2A3E44A3E07}.Release|Any CPU.ActiveCfg = Release|Any CPU
		{77A49334-35DF-4150-A7C7-B2A3E44A3E07}.Release|Any CPU.Build.0 = Release|Any CPU
	EndGlobalSection
	GlobalSection(SolutionProperties) = preSolution
		HideSolutionNode = FALSE
	EndGlobalSection
	GlobalSection(ExtensibilityGlobals) = postSolution
		SolutionGuid = {C22E88AD-D2C2-4F14-9A58-5A0AC6521AFA}
	EndGlobalSection
EndGlobal
